{
  "originHash" : "bfaf9a7fd33c5c24e7d9d1948f91a58b91798cca754e20f80dd20ae613bfd364",
  "pins" : [
    {
      "identity" : "files",
      "kind" : "remoteSourceControl",
      "location" : "https://github.com/JohnSundell/Files",
      "state" : {
        "revision" : "d273b5b7025d386feef79ef6bad7de762e106eaf",
        "version" : "4.2.0"
      }
    }
  ],
  "version" : 3
}
